// !$*UTF8*$!
{
	archiveVersion = 1;
	classes = {
	};
	objectVersion = 55;
	objects = {

/* Begin PBXBuildFile section */
		090A72D3290CBF3D009AB42C /* MyDrawUtils.m in Sources */ = {isa = PBXBuildFile; fileRef = 090A72CD290CBF3C009AB42C /* MyDrawUtils.m */; };
		090A72D4290CBF3D009AB42C /* UIView+Utils.m in Sources */ = {isa = PBXBuildFile; fileRef = 090A72CE290CBF3C009AB42C /* UIView+Utils.m */; };
		090A72D5290CBF3D009AB42C /* MyDrawUtils.h in Headers */ = {isa = PBXBuildFile; fileRef = 090A72CF290CBF3D009AB42C /* MyDrawUtils.h */; };
		090A72D6290CBF3D009AB42C /* NSString+Utils.h in Headers */ = {isa = PBXBuildFile; fileRef = 090A72D0290CBF3D009AB42C /* NSString+Utils.h */; };
		090A72D7290CBF3D009AB42C /* NSString+Utils.m in Sources */ = {isa = PBXBuildFile; fileRef = 090A72D1290CBF3D009AB42C /* NSString+Utils.m */; };
		090A72D8290CBF3D009AB42C /* UIView+Utils.h in Headers */ = {isa = PBXBuildFile; fileRef = 090A72D2290CBF3D009AB42C /* UIView+Utils.h */; };
		090A72E9290CD591009AB42C /* MyVisionRectangle.h in Headers */ = {isa = PBXBuildFile; fileRef = 090A72E7290CD591009AB42C /* MyVisionRectangle.h */; settings = {ATTRIBUTES = (Public, ); }; };
		090A72EA290CD591009AB42C /* MyVisionRectangle.m in Sources */ = {isa = PBXBuildFile; fileRef = 090A72E8290CD591009AB42C /* MyVisionRectangle.m */; };
		090A72ED290CD725009AB42C /* MyVisionRectangleView.h in Headers */ = {isa = PBXBuildFile; fileRef = 090A72EB290CD725009AB42C /* MyVisionRectangleView.h */; settings = {ATTRIBUTES = (Public, ); }; };
		090A72EE290CD725009AB42C /* MyVisionRectangleView.m in Sources */ = {isa = PBXBuildFile; fileRef = 090A72EC290CD725009AB42C /* MyVisionRectangleView.m */; };
		093448E5290393DB000664F5 /* MyCameraView.h in Headers */ = {isa = PBXBuildFile; fileRef = 093448E3290393DB000664F5 /* MyCameraView.h */; settings = {ATTRIBUTES = (Public, ); }; };
		093448E6290393DB000664F5 /* MyCameraView.m in Sources */ = {isa = PBXBuildFile; fileRef = 093448E4290393DB000664F5 /* MyCameraView.m */; };
		0943C3BB29169C4900A7B936 /* MyDeepLabV3.h in Headers */ = {isa = PBXBuildFile; fileRef = 0943C3B929169C4900A7B936 /* MyDeepLabV3.h */; settings = {ATTRIBUTES = (Public, ); }; };
		0943C3BC29169C4900A7B936 /* MyDeepLabV3.m in Sources */ = {isa = PBXBuildFile; fileRef = 0943C3BA29169C4900A7B936 /* MyDeepLabV3.m */; };
		0943C3BE29169D4700A7B936 /* DeepLabV3.mlkitmodel in Sources */ = {isa = PBXBuildFile; fileRef = 0943C3BD29169D4700A7B936 /* DeepLabV3.mlkitmodel */; };
		0943C3C129169E9700A7B936 /* MyDeepLabV3View.h in Headers */ = {isa = PBXBuildFile; fileRef = 0943C3BF29169E9600A7B936 /* MyDeepLabV3View.h */; settings = {ATTRIBUTES = (Public, ); }; };
		0943C3C229169E9700A7B936 /* MyDeepLabV3View.m in Sources */ = {isa = PBXBuildFile; fileRef = 0943C3C029169E9600A7B936 /* MyDeepLabV3View.m */; };
		0959619128713DBA00F2DE6D /* MyDebug.h in Headers */ = {isa = PBXBuildFile; fileRef = 0959618F28713DBA00F2DE6D /* MyDebug.h */; settings = {ATTRIBUTES = (Public, ); }; };
		0959619228713DBA00F2DE6D /* MyDebug.m in Sources */ = {isa = PBXBuildFile; fileRef = 0959619028713DBA00F2DE6D /* MyDebug.m */; };
		09669CAB2904D443002A505A /* MyVisionFace.h in Headers */ = {isa = PBXBuildFile; fileRef = 09669CA92904D443002A505A /* MyVisionFace.h */; settings = {ATTRIBUTES = (Public, ); }; };
		09669CAC2904D443002A505A /* MyVisionFace.m in Sources */ = {isa = PBXBuildFile; fileRef = 09669CAA2904D443002A505A /* MyVisionFace.m */; };
		09669CAF2904E1AB002A505A /* MyVisionFaceView.h in Headers */ = {isa = PBXBuildFile; fileRef = 09669CAD2904E1AB002A505A /* MyVisionFaceView.h */; settings = {ATTRIBUTES = (Public, ); }; };
		09669CB02904E1AB002A505A /* MyVisionFaceView.m in Sources */ = {isa = PBXBuildFile; fileRef = 09669CAE2904E1AB002A505A /* MyVisionFaceView.m */; };
		0967293A2902EC580030E08E /* MyCamera.h in Headers */ = {isa = PBXBuildFile; fileRef = 096729382902EC580030E08E /* MyCamera.h */; settings = {ATTRIBUTES = (Public, ); }; };
		0967293B2902EC580030E08E /* MyCamera.m in Sources */ = {isa = PBXBuildFile; fileRef = 096729392902EC580030E08E /* MyCamera.m */; };
		0970B26B29AA54DA00C8DC57 /* MySpeech.h in Headers */ = {isa = PBXBuildFile; fileRef = 0970B26729AA54DA00C8DC57 /* MySpeech.h */; settings = {ATTRIBUTES = (Public, ); }; };
		0970B26C29AA54DA00C8DC57 /* MySpeechView.h in Headers */ = {isa = PBXBuildFile; fileRef = 0970B26829AA54DA00C8DC57 /* MySpeechView.h */; settings = {ATTRIBUTES = (Public, ); }; };
		0970B26D29AA54DA00C8DC57 /* MySpeechView.m in Sources */ = {isa = PBXBuildFile; fileRef = 0970B26929AA54DA00C8DC57 /* MySpeechView.m */; };
		0970B26E29AA54DA00C8DC57 /* MySpeech.m in Sources */ = {isa = PBXBuildFile; fileRef = 0970B26A29AA54DA00C8DC57 /* MySpeech.m */; };
		098DA28A293B9DD3003D2274 /* MyVisionPersonSegmentation.h in Headers */ = {isa = PBXBuildFile; fileRef = 098DA288293B9DD3003D2274 /* MyVisionPersonSegmentation.h */; settings = {ATTRIBUTES = (Public, ); }; };
		098DA28B293B9DD3003D2274 /* MyVisionPersonSegmentation.m in Sources */ = {isa = PBXBuildFile; fileRef = 098DA289293B9DD3003D2274 /* MyVisionPersonSegmentation.m */; };
		098DA290293B9FE9003D2274 /* UIWindow+PreventScreenShot.h in Headers */ = {isa = PBXBuildFile; fileRef = 098DA28E293B9FE9003D2274 /* UIWindow+PreventScreenShot.h */; settings = {ATTRIBUTES = (Public, ); }; };
		098DA291293B9FE9003D2274 /* UIWindow+PreventScreenShot.m in Sources */ = {isa = PBXBuildFile; fileRef = 098DA28F293B9FE9003D2274 /* UIWindow+PreventScreenShot.m */; };
		098DA298293BA8FC003D2274 /* MyVisionPersonSegmentationView.h in Headers */ = {isa = PBXBuildFile; fileRef = 098DA296293BA8FC003D2274 /* MyVisionPersonSegmentationView.h */; settings = {ATTRIBUTES = (Public, ); }; };
		098DA299293BA8FC003D2274 /* MyVisionPersonSegmentationView.m in Sources */ = {isa = PBXBuildFile; fileRef = 098DA297293BA8FC003D2274 /* MyVisionPersonSegmentationView.m */; };
		099ADAAC2883067700E61155 /* MyFile.h in Headers */ = {isa = PBXBuildFile; fileRef = 099ADAAA2883067700E61155 /* MyFile.h */; settings = {ATTRIBUTES = (Public, ); }; };
		099ADAAD2883067700E61155 /* MyFile.m in Sources */ = {isa = PBXBuildFile; fileRef = 099ADAAB2883067700E61155 /* MyFile.m */; };
		09A192D42895779500C82A75 /* MyServiceTool.h in Headers */ = {isa = PBXBuildFile; fileRef = 09A192D22895779500C82A75 /* MyServiceTool.h */; settings = {ATTRIBUTES = (Public, ); }; };
		09A192D52895779500C82A75 /* MyServiceTool.m in Sources */ = {isa = PBXBuildFile; fileRef = 09A192D32895779500C82A75 /* MyServiceTool.m */; };
		09AADBDA296ABC1C00E95FC2 /* MyLogV2.h in Headers */ = {isa = PBXBuildFile; fileRef = 09AADBD8296ABC1C00E95FC2 /* MyLogV2.h */; settings = {ATTRIBUTES = (Public, ); }; };
		09AADBDB296ABC1C00E95FC2 /* MyLogV2.m in Sources */ = {isa = PBXBuildFile; fileRef = 09AADBD9296ABC1C00E95FC2 /* MyLogV2.m */; };
		09C840732870A37A00D8C0A1 /* MyTools.docc in Sources */ = {isa = PBXBuildFile; fileRef = 09C840722870A37A00D8C0A1 /* MyTools.docc */; };
		09C840792870A37A00D8C0A1 /* MyTools.framework in Frameworks */ = {isa = PBXBuildFile; fileRef = 09C8406E2870A37A00D8C0A1 /* MyTools.framework */; };
		09C8407F2870A37A00D8C0A1 /* MyTools.h in Headers */ = {isa = PBXBuildFile; fileRef = 09C840712870A37A00D8C0A1 /* MyTools.h */; settings = {ATTRIBUTES = (Public, ); }; };
		09E0108F29CC929E008585CD /* MyAuthenticator.h in Headers */ = {isa = PBXBuildFile; fileRef = 09E0108D29CC929E008585CD /* MyAuthenticator.h */; settings = {ATTRIBUTES = (Public, ); }; };
		09E0109029CC929E008585CD /* MyAuthenticator.m in Sources */ = {isa = PBXBuildFile; fileRef = 09E0108E29CC929E008585CD /* MyAuthenticator.m */; };
		09F552142906C01A00F4F54D /* MyVisionBarcode.h in Headers */ = {isa = PBXBuildFile; fileRef = 09F552122906C01A00F4F54D /* MyVisionBarcode.h */; settings = {ATTRIBUTES = (Public, ); }; };
		09F552152906C01A00F4F54D /* MyVisionBarcode.m in Sources */ = {isa = PBXBuildFile; fileRef = 09F552132906C01A00F4F54D /* MyVisionBarcode.m */; };
		09F552182906C32700F4F54D /* MyVisionBarcodeView.h in Headers */ = {isa = PBXBuildFile; fileRef = 09F552162906C32700F4F54D /* MyVisionBarcodeView.h */; settings = {ATTRIBUTES = (Public, ); }; };
		09F552192906C32700F4F54D /* MyVisionBarcodeView.m in Sources */ = {isa = PBXBuildFile; fileRef = 09F552172906C32700F4F54D /* MyVisionBarcodeView.m */; };
		09F5522B2906CABC00F4F54D /* MyVisionUtils.h in Headers */ = {isa = PBXBuildFile; fileRef = 09F552292906CABC00F4F54D /* MyVisionUtils.h */; };
		09F5522C2906CABC00F4F54D /* MyVisionUtils.m in Sources */ = {isa = PBXBuildFile; fileRef = 09F5522A2906CABC00F4F54D /* MyVisionUtils.m */; };
		09FF46322969D7CB0042EDB9 /* MyLog.h in Headers */ = {isa = PBXBuildFile; fileRef = 09FF46302969D7CB0042EDB9 /* MyLog.h */; settings = {ATTRIBUTES = (Public, ); }; };
		09FF46332969D7CB0042EDB9 /* MyLog.m in Sources */ = {isa = PBXBuildFile; fileRef = 09FF46312969D7CB0042EDB9 /* MyLog.m */; };
/* End PBXBuildFile section */

/* Begin PBXContainerItemProxy section */
		09C8407A2870A37A00D8C0A1 /* PBXContainerItemProxy */ = {
			isa = PBXContainerItemProxy;
			containerPortal = 09C840652870A37A00D8C0A1 /* Project object */;
			proxyType = 1;
			remoteGlobalIDString = 09C8406D2870A37A00D8C0A1;
			remoteInfo = MyTools;
		};
/* End PBXContainerItemProxy section */

/* Begin PBXFileReference section */
		090A72CD290CBF3C009AB42C /* MyDrawUtils.m */ = {isa = PBXFileReference; fileEncoding = 4; lastKnownFileType = sourcecode.c.objc; path = MyDrawUtils.m; sourceTree = "<group>"; };
		090A72CE290CBF3C009AB42C /* UIView+Utils.m */ = {isa = PBXFileReference; fileEncoding = 4; lastKnownFileType = sourcecode.c.objc; path = "UIView+Utils.m"; sourceTree = "<group>"; };
		090A72CF290CBF3D009AB42C /* MyDrawUtils.h */ = {isa = PBXFileReference; fileEncoding = 4; lastKnownFileType = sourcecode.c.h; path = MyDrawUtils.h; sourceTree = "<group>"; };
		090A72D0290CBF3D009AB42C /* NSString+Utils.h */ = {isa = PBXFileReference; fileEncoding = 4; lastKnownFileType = sourcecode.c.h; path = "NSString+Utils.h"; sourceTree = "<group>"; };
		090A72D1290CBF3D009AB42C /* NSString+Utils.m */ = {isa = PBXFileReference; fileEncoding = 4; lastKnownFileType = sourcecode.c.objc; path = "NSString+Utils.m"; sourceTree = "<group>"; };
		090A72D2290CBF3D009AB42C /* UIView+Utils.h */ = {isa = PBXFileReference; fileEncoding = 4; lastKnownFileType = sourcecode.c.h; path = "UIView+Utils.h"; sourceTree = "<group>"; };
		090A72E7290CD591009AB42C /* MyVisionRectangle.h */ = {isa = PBXFileReference; lastKnownFileType = sourcecode.c.h; path = MyVisionRectangle.h; sourceTree = "<group>"; };
		090A72E8290CD591009AB42C /* MyVisionRectangle.m */ = {isa = PBXFileReference; lastKnownFileType = sourcecode.c.objc; path = MyVisionRectangle.m; sourceTree = "<group>"; };
		090A72EB290CD725009AB42C /* MyVisionRectangleView.h */ = {isa = PBXFileReference; lastKnownFileType = sourcecode.c.h; path = MyVisionRectangleView.h; sourceTree = "<group>"; };
		090A72EC290CD725009AB42C /* MyVisionRectangleView.m */ = {isa = PBXFileReference; lastKnownFileType = sourcecode.c.objc; path = MyVisionRectangleView.m; sourceTree = "<group>"; };
		093448E3290393DB000664F5 /* MyCameraView.h */ = {isa = PBXFileReference; lastKnownFileType = sourcecode.c.h; path = MyCameraView.h; sourceTree = "<group>"; };
		093448E4290393DB000664F5 /* MyCameraView.m */ = {isa = PBXFileReference; lastKnownFileType = sourcecode.c.objc; path = MyCameraView.m; sourceTree = "<group>"; };
		0943C3B929169C4900A7B936 /* MyDeepLabV3.h */ = {isa = PBXFileReference; lastKnownFileType = sourcecode.c.h; path = MyDeepLabV3.h; sourceTree = "<group>"; };
		0943C3BA29169C4900A7B936 /* MyDeepLabV3.m */ = {isa = PBXFileReference; lastKnownFileType = sourcecode.c.objc; path = MyDeepLabV3.m; sourceTree = "<group>"; };
		0943C3BD29169D4700A7B936 /* DeepLabV3.mlkitmodel */ = {isa = PBXFileReference; lastKnownFileType = file.mlmodel; path = DeepLabV3.mlkitmodel; sourceTree = "<group>"; };
		0943C3BF29169E9600A7B936 /* MyDeepLabV3View.h */ = {isa = PBXFileReference; lastKnownFileType = sourcecode.c.h; path = MyDeepLabV3View.h; sourceTree = "<group>"; };
		0943C3C029169E9600A7B936 /* MyDeepLabV3View.m */ = {isa = PBXFileReference; lastKnownFileType = sourcecode.c.objc; path = MyDeepLabV3View.m; sourceTree = "<group>"; };
		0959618F28713DBA00F2DE6D /* MyDebug.h */ = {isa = PBXFileReference; lastKnownFileType = sourcecode.c.h; path = MyDebug.h; sourceTree = "<group>"; };
		0959619028713DBA00F2DE6D /* MyDebug.m */ = {isa = PBXFileReference; lastKnownFileType = sourcecode.c.objc; path = MyDebug.m; sourceTree = "<group>"; };
		09669CA92904D443002A505A /* MyVisionFace.h */ = {isa = PBXFileReference; lastKnownFileType = sourcecode.c.h; path = MyVisionFace.h; sourceTree = "<group>"; };
		09669CAA2904D443002A505A /* MyVisionFace.m */ = {isa = PBXFileReference; lastKnownFileType = sourcecode.c.objc; path = MyVisionFace.m; sourceTree = "<group>"; };
		09669CAD2904E1AB002A505A /* MyVisionFaceView.h */ = {isa = PBXFileReference; lastKnownFileType = sourcecode.c.h; path = MyVisionFaceView.h; sourceTree = "<group>"; };
		09669CAE2904E1AB002A505A /* MyVisionFaceView.m */ = {isa = PBXFileReference; lastKnownFileType = sourcecode.c.objc; path = MyVisionFaceView.m; sourceTree = "<group>"; };
		096729382902EC580030E08E /* MyCamera.h */ = {isa = PBXFileReference; lastKnownFileType = sourcecode.c.h; path = MyCamera.h; sourceTree = "<group>"; };
		096729392902EC580030E08E /* MyCamera.m */ = {isa = PBXFileReference; lastKnownFileType = sourcecode.c.objc; path = MyCamera.m; sourceTree = "<group>"; };
		0970B26729AA54DA00C8DC57 /* MySpeech.h */ = {isa = PBXFileReference; fileEncoding = 4; lastKnownFileType = sourcecode.c.h; path = MySpeech.h; sourceTree = "<group>"; };
		0970B26829AA54DA00C8DC57 /* MySpeechView.h */ = {isa = PBXFileReference; fileEncoding = 4; lastKnownFileType = sourcecode.c.h; path = MySpeechView.h; sourceTree = "<group>"; };
		0970B26929AA54DA00C8DC57 /* MySpeechView.m */ = {isa = PBXFileReference; fileEncoding = 4; lastKnownFileType = sourcecode.c.objc; path = MySpeechView.m; sourceTree = "<group>"; };
		0970B26A29AA54DA00C8DC57 /* MySpeech.m */ = {isa = PBXFileReference; fileEncoding = 4; lastKnownFileType = sourcecode.c.objc; path = MySpeech.m; sourceTree = "<group>"; };
		098DA288293B9DD3003D2274 /* MyVisionPersonSegmentation.h */ = {isa = PBXFileReference; lastKnownFileType = sourcecode.c.h; path = MyVisionPersonSegmentation.h; sourceTree = "<group>"; };
		098DA289293B9DD3003D2274 /* MyVisionPersonSegmentation.m */ = {isa = PBXFileReference; lastKnownFileType = sourcecode.c.objc; path = MyVisionPersonSegmentation.m; sourceTree = "<group>"; };
		098DA28E293B9FE9003D2274 /* UIWindow+PreventScreenShot.h */ = {isa = PBXFileReference; lastKnownFileType = sourcecode.c.h; path = "UIWindow+PreventScreenShot.h"; sourceTree = "<group>"; };
		098DA28F293B9FE9003D2274 /* UIWindow+PreventScreenShot.m */ = {isa = PBXFileReference; lastKnownFileType = sourcecode.c.objc; path = "UIWindow+PreventScreenShot.m"; sourceTree = "<group>"; };
		098DA296293BA8FC003D2274 /* MyVisionPersonSegmentationView.h */ = {isa = PBXFileReference; lastKnownFileType = sourcecode.c.h; path = MyVisionPersonSegmentationView.h; sourceTree = "<group>"; };
		098DA297293BA8FC003D2274 /* MyVisionPersonSegmentationView.m */ = {isa = PBXFileReference; lastKnownFileType = sourcecode.c.objc; path = MyVisionPersonSegmentationView.m; sourceTree = "<group>"; };
		099ADAAA2883067700E61155 /* MyFile.h */ = {isa = PBXFileReference; lastKnownFileType = sourcecode.c.h; path = MyFile.h; sourceTree = "<group>"; };
		099ADAAB2883067700E61155 /* MyFile.m */ = {isa = PBXFileReference; lastKnownFileType = sourcecode.c.objc; path = MyFile.m; sourceTree = "<group>"; };
		09A192D22895779500C82A75 /* MyServiceTool.h */ = {isa = PBXFileReference; lastKnownFileType = sourcecode.c.h; path = MyServiceTool.h; sourceTree = "<group>"; };
		09A192D32895779500C82A75 /* MyServiceTool.m */ = {isa = PBXFileReference; lastKnownFileType = sourcecode.c.objc; path = MyServiceTool.m; sourceTree = "<group>"; };
		09AADBD8296ABC1C00E95FC2 /* MyLogV2.h */ = {isa = PBXFileReference; lastKnownFileType = sourcecode.c.h; path = MyLogV2.h; sourceTree = "<group>"; };
		09AADBD9296ABC1C00E95FC2 /* MyLogV2.m */ = {isa = PBXFileReference; lastKnownFileType = sourcecode.c.objc; path = MyLogV2.m; sourceTree = "<group>"; };
		09C8406E2870A37A00D8C0A1 /* MyTools.framework */ = {isa = PBXFileReference; explicitFileType = wrapper.framework; includeInIndex = 0; path = MyTools.framework; sourceTree = BUILT_PRODUCTS_DIR; };
		09C840712870A37A00D8C0A1 /* MyTools.h */ = {isa = PBXFileReference; lastKnownFileType = sourcecode.c.h; path = MyTools.h; sourceTree = "<group>"; };
		09C840722870A37A00D8C0A1 /* MyTools.docc */ = {isa = PBXFileReference; lastKnownFileType = folder.documentationcatalog; path = MyTools.docc; sourceTree = "<group>"; };
		09C840782870A37A00D8C0A1 /* MyToolsTests.xctest */ = {isa = PBXFileReference; explicitFileType = wrapper.cfbundle; includeInIndex = 0; path = MyToolsTests.xctest; sourceTree = BUILT_PRODUCTS_DIR; };
		09E0108D29CC929E008585CD /* MyAuthenticator.h */ = {isa = PBXFileReference; lastKnownFileType = sourcecode.c.h; path = MyAuthenticator.h; sourceTree = "<group>"; };
		09E0108E29CC929E008585CD /* MyAuthenticator.m */ = {isa = PBXFileReference; lastKnownFileType = sourcecode.c.objc; path = MyAuthenticator.m; sourceTree = "<group>"; };
		09F552122906C01A00F4F54D /* MyVisionBarcode.h */ = {isa = PBXFileReference; lastKnownFileType = sourcecode.c.h; path = MyVisionBarcode.h; sourceTree = "<group>"; };
		09F552132906C01A00F4F54D /* MyVisionBarcode.m */ = {isa = PBXFileReference; lastKnownFileType = sourcecode.c.objc; path = MyVisionBarcode.m; sourceTree = "<group>"; };
		09F552162906C32700F4F54D /* MyVisionBarcodeView.h */ = {isa = PBXFileReference; lastKnownFileType = sourcecode.c.h; path = MyVisionBarcodeView.h; sourceTree = "<group>"; };
		09F552172906C32700F4F54D /* MyVisionBarcodeView.m */ = {isa = PBXFileReference; lastKnownFileType = sourcecode.c.objc; path = MyVisionBarcodeView.m; sourceTree = "<group>"; };
		09F552292906CABC00F4F54D /* MyVisionUtils.h */ = {isa = PBXFileReference; lastKnownFileType = sourcecode.c.h; path = MyVisionUtils.h; sourceTree = "<group>"; };
		09F5522A2906CABC00F4F54D /* MyVisionUtils.m */ = {isa = PBXFileReference; lastKnownFileType = sourcecode.c.objc; path = MyVisionUtils.m; sourceTree = "<group>"; };
		09FF46302969D7CB0042EDB9 /* MyLog.h */ = {isa = PBXFileReference; lastKnownFileType = sourcecode.c.h; path = MyLog.h; sourceTree = "<group>"; };
		09FF46312969D7CB0042EDB9 /* MyLog.m */ = {isa = PBXFileReference; lastKnownFileType = sourcecode.c.objc; path = MyLog.m; sourceTree = "<group>"; };
/* End PBXFileReference section */

/* Begin PBXFrameworksBuildPhase section */
		09C8406B2870A37A00D8C0A1 /* Frameworks */ = {
			isa = PBXFrameworksBuildPhase;
			buildActionMask = 2147483647;
			files = (
			);
			runOnlyForDeploymentPostprocessing = 0;
		};
		09C840752870A37A00D8C0A1 /* Frameworks */ = {
			isa = PBXFrameworksBuildPhase;
			buildActionMask = 2147483647;
			files = (
				09C840792870A37A00D8C0A1 /* MyTools.framework in Frameworks */,
			);
			runOnlyForDeploymentPostprocessing = 0;
		};
/* End PBXFrameworksBuildPhase section */

/* Begin PBXGroup section */
		090A72CC290CBF31009AB42C /* MyUtils */ = {
			isa = PBXGroup;
			children = (
				090A72CF290CBF3D009AB42C /* MyDrawUtils.h */,
				090A72CD290CBF3C009AB42C /* MyDrawUtils.m */,
				090A72D0290CBF3D009AB42C /* NSString+Utils.h */,
				090A72D1290CBF3D009AB42C /* NSString+Utils.m */,
				090A72D2290CBF3D009AB42C /* UIView+Utils.h */,
				090A72CE290CBF3C009AB42C /* UIView+Utils.m */,
			);
			path = MyUtils;
			sourceTree = "<group>";
		};
		0943C3B429169B9900A7B936 /* MyCoreML */ = {
			isa = PBXGroup;
			children = (
				09CC79692917A44800517154 /* model */,
				0943C3B929169C4900A7B936 /* MyDeepLabV3.h */,
				0943C3BA29169C4900A7B936 /* MyDeepLabV3.m */,
				0943C3BF29169E9600A7B936 /* MyDeepLabV3View.h */,
				0943C3C029169E9600A7B936 /* MyDeepLabV3View.m */,
			);
			path = MyCoreML;
			sourceTree = "<group>";
		};
		09669CA82904D398002A505A /* MyVision */ = {
			isa = PBXGroup;
			children = (
				09F552292906CABC00F4F54D /* MyVisionUtils.h */,
				09F5522A2906CABC00F4F54D /* MyVisionUtils.m */,
				09669CA92904D443002A505A /* MyVisionFace.h */,
				09669CAA2904D443002A505A /* MyVisionFace.m */,
				09669CAD2904E1AB002A505A /* MyVisionFaceView.h */,
				09669CAE2904E1AB002A505A /* MyVisionFaceView.m */,
				09F552122906C01A00F4F54D /* MyVisionBarcode.h */,
				09F552132906C01A00F4F54D /* MyVisionBarcode.m */,
				09F552162906C32700F4F54D /* MyVisionBarcodeView.h */,
				09F552172906C32700F4F54D /* MyVisionBarcodeView.m */,
				090A72E7290CD591009AB42C /* MyVisionRectangle.h */,
				090A72E8290CD591009AB42C /* MyVisionRectangle.m */,
				090A72EB290CD725009AB42C /* MyVisionRectangleView.h */,
				090A72EC290CD725009AB42C /* MyVisionRectangleView.m */,
				098DA288293B9DD3003D2274 /* MyVisionPersonSegmentation.h */,
				098DA289293B9DD3003D2274 /* MyVisionPersonSegmentation.m */,
				098DA296293BA8FC003D2274 /* MyVisionPersonSegmentationView.h */,
				098DA297293BA8FC003D2274 /* MyVisionPersonSegmentationView.m */,
			);
			path = MyVision;
			sourceTree = "<group>";
		};
		096729372902EC3D0030E08E /* MyCamera */ = {
			isa = PBXGroup;
			children = (
				096729382902EC580030E08E /* MyCamera.h */,
				096729392902EC580030E08E /* MyCamera.m */,
				093448E3290393DB000664F5 /* MyCameraView.h */,
				093448E4290393DB000664F5 /* MyCameraView.m */,
			);
			path = MyCamera;
			sourceTree = "<group>";
		};
		0970B26629AA54A000C8DC57 /* MySpeech */ = {
			isa = PBXGroup;
			children = (
				0970B26729AA54DA00C8DC57 /* MySpeech.h */,
				0970B26A29AA54DA00C8DC57 /* MySpeech.m */,
				0970B26829AA54DA00C8DC57 /* MySpeechView.h */,
				0970B26929AA54DA00C8DC57 /* MySpeechView.m */,
			);
			path = MySpeech;
			sourceTree = "<group>";
		};
		098DA292293BA0F7003D2274 /* MyPreventScreenShot */ = {
			isa = PBXGroup;
			children = (
				098DA28E293B9FE9003D2274 /* UIWindow+PreventScreenShot.h */,
				098DA28F293B9FE9003D2274 /* UIWindow+PreventScreenShot.m */,
			);
			path = MyPreventScreenShot;
			sourceTree = "<group>";
		};
		09C840642870A37A00D8C0A1 = {
			isa = PBXGroup;
			children = (
				09C840702870A37A00D8C0A1 /* MyTools */,
				09C8406F2870A37A00D8C0A1 /* Products */,
				09C840882870A3B400D8C0A1 /* Frameworks */,
			);
			sourceTree = "<group>";
		};
		09C8406F2870A37A00D8C0A1 /* Products */ = {
			isa = PBXGroup;
			children = (
				09C8406E2870A37A00D8C0A1 /* MyTools.framework */,
				09C840782870A37A00D8C0A1 /* MyToolsTests.xctest */,
			);
			name = Products;
			sourceTree = "<group>";
		};
		09C840702870A37A00D8C0A1 /* MyTools */ = {
			isa = PBXGroup;
			children = (
				09E0108C29CC926E008585CD /* MyAuthenticator */,
				0970B26629AA54A000C8DC57 /* MySpeech */,
				09FF462F2969D7B50042EDB9 /* MyDebug */,
				098DA292293BA0F7003D2274 /* MyPreventScreenShot */,
				090A72CC290CBF31009AB42C /* MyUtils */,
				0943C3B429169B9900A7B936 /* MyCoreML */,
				09669CA82904D398002A505A /* MyVision */,
				096729372902EC3D0030E08E /* MyCamera */,
				09C840712870A37A00D8C0A1 /* MyTools.h */,
				09C840722870A37A00D8C0A1 /* MyTools.docc */,
				099ADAAA2883067700E61155 /* MyFile.h */,
				099ADAAB2883067700E61155 /* MyFile.m */,
				09A192D22895779500C82A75 /* MyServiceTool.h */,
				09A192D32895779500C82A75 /* MyServiceTool.m */,
			);
			path = MyTools;
			sourceTree = "<group>";
		};
		09C840882870A3B400D8C0A1 /* Frameworks */ = {
			isa = PBXGroup;
			children = (
			);
			name = Frameworks;
			sourceTree = "<group>";
		};
		09CC79692917A44800517154 /* model */ = {
			isa = PBXGroup;
			children = (
				0943C3BD29169D4700A7B936 /* DeepLabV3.mlkitmodel */,
			);
			path = model;
			sourceTree = "<group>";
		};
		09E0108C29CC926E008585CD /* MyAuthenticator */ = {
			isa = PBXGroup;
			children = (
				09E0108D29CC929E008585CD /* MyAuthenticator.h */,
				09E0108E29CC929E008585CD /* MyAuthenticator.m */,
			);
			path = MyAuthenticator;
			sourceTree = "<group>";
		};
		09FF462F2969D7B50042EDB9 /* MyDebug */ = {
			isa = PBXGroup;
			children = (
				0959618F28713DBA00F2DE6D /* MyDebug.h */,
				0959619028713DBA00F2DE6D /* MyDebug.m */,
				09FF46302969D7CB0042EDB9 /* MyLog.h */,
				09FF46312969D7CB0042EDB9 /* MyLog.m */,
				09AADBD8296ABC1C00E95FC2 /* MyLogV2.h */,
				09AADBD9296ABC1C00E95FC2 /* MyLogV2.m */,
			);
			path = MyDebug;
			sourceTree = "<group>";
		};
/* End PBXGroup section */

/* Begin PBXHeadersBuildPhase section */
		09C840692870A37A00D8C0A1 /* Headers */ = {
			isa = PBXHeadersBuildPhase;
			buildActionMask = 2147483647;
			files = (
				09E0108F29CC929E008585CD /* MyAuthenticator.h in Headers */,
				0967293A2902EC580030E08E /* MyCamera.h in Headers */,
				093448E5290393DB000664F5 /* MyCameraView.h in Headers */,
				0959619128713DBA00F2DE6D /* MyDebug.h in Headers */,
				09F552182906C32700F4F54D /* MyVisionBarcodeView.h in Headers */,
				090A72D6290CBF3D009AB42C /* NSString+Utils.h in Headers */,
				09669CAF2904E1AB002A505A /* MyVisionFaceView.h in Headers */,
				09F5522B2906CABC00F4F54D /* MyVisionUtils.h in Headers */,
				09F552142906C01A00F4F54D /* MyVisionBarcode.h in Headers */,
				09669CAB2904D443002A505A /* MyVisionFace.h in Headers */,
				090A72E9290CD591009AB42C /* MyVisionRectangle.h in Headers */,
				0943C3C129169E9700A7B936 /* MyDeepLabV3View.h in Headers */,
				0943C3BB29169C4900A7B936 /* MyDeepLabV3.h in Headers */,
				090A72ED290CD725009AB42C /* MyVisionRectangleView.h in Headers */,
				090A72D5290CBF3D009AB42C /* MyDrawUtils.h in Headers */,
				098DA298293BA8FC003D2274 /* MyVisionPersonSegmentationView.h in Headers */,
				098DA28A293B9DD3003D2274 /* MyVisionPersonSegmentation.h in Headers */,
				098DA290293B9FE9003D2274 /* UIWindow+PreventScreenShot.h in Headers */,
				0970B26B29AA54DA00C8DC57 /* MySpeech.h in Headers */,
				0970B26C29AA54DA00C8DC57 /* MySpeechView.h in Headers */,
				09AADBDA296ABC1C00E95FC2 /* MyLogV2.h in Headers */,
				09FF46322969D7CB0042EDB9 /* MyLog.h in Headers */,
				09C8407F2870A37A00D8C0A1 /* MyTools.h in Headers */,
				090A72D8290CBF3D009AB42C /* UIView+Utils.h in Headers */,
				09A192D42895779500C82A75 /* MyServiceTool.h in Headers */,
				099ADAAC2883067700E61155 /* MyFile.h in Headers */,
			);
			runOnlyForDeploymentPostprocessing = 0;
		};
/* End PBXHeadersBuildPhase section */

/* Begin PBXNativeTarget section */
		09C8406D2870A37A00D8C0A1 /* MyTools */ = {
			isa = PBXNativeTarget;
			buildConfigurationList = 09C840822870A37A00D8C0A1 /* Build configuration list for PBXNativeTarget "MyTools" */;
			buildPhases = (
				09C840692870A37A00D8C0A1 /* Headers */,
				09C8406A2870A37A00D8C0A1 /* Sources */,
				09C8406B2870A37A00D8C0A1 /* Frameworks */,
				09C8406C2870A37A00D8C0A1 /* Resources */,
			);
			buildRules = (
			);
			dependencies = (
			);
			name = MyTools;
			productName = MyTools;
			productReference = 09C8406E2870A37A00D8C0A1 /* MyTools.framework */;
			productType = "com.apple.product-type.framework";
		};
		09C840772870A37A00D8C0A1 /* MyToolsTests */ = {
			isa = PBXNativeTarget;
			buildConfigurationList = 09C840852870A37A00D8C0A1 /* Build configuration list for PBXNativeTarget "MyToolsTests" */;
			buildPhases = (
				09C840742870A37A00D8C0A1 /* Sources */,
				09C840752870A37A00D8C0A1 /* Frameworks */,
				09C840762870A37A00D8C0A1 /* Resources */,
			);
			buildRules = (
			);
			dependencies = (
				09C8407B2870A37A00D8C0A1 /* PBXTargetDependency */,
			);
			name = MyToolsTests;
			productName = MyToolsTests;
			productReference = 09C840782870A37A00D8C0A1 /* MyToolsTests.xctest */;
			productType = "com.apple.product-type.bundle.unit-test";
		};
/* End PBXNativeTarget section */

/* Begin PBXProject section */
		09C840652870A37A00D8C0A1 /* Project object */ = {
			isa = PBXProject;
			attributes = {
				BuildIndependentTargetsInParallel = 1;
				LastUpgradeCheck = 1340;
				TargetAttributes = {
					09C8406D2870A37A00D8C0A1 = {
						CreatedOnToolsVersion = 13.4.1;
					};
					09C840772870A37A00D8C0A1 = {
						CreatedOnToolsVersion = 13.4.1;
					};
				};
			};
			buildConfigurationList = 09C840682870A37A00D8C0A1 /* Build configuration list for PBXProject "MyTools" */;
			compatibilityVersion = "Xcode 13.0";
			developmentRegion = en;
			hasScannedForEncodings = 0;
			knownRegions = (
				en,
				Base,
			);
			mainGroup = 09C840642870A37A00D8C0A1;
			productRefGroup = 09C8406F2870A37A00D8C0A1 /* Products */;
			projectDirPath = "";
			projectRoot = "";
			targets = (
				09C8406D2870A37A00D8C0A1 /* MyTools */,
				09C840772870A37A00D8C0A1 /* MyToolsTests */,
			);
		};
/* End PBXProject section */

/* Begin PBXResourcesBuildPhase section */
		09C8406C2870A37A00D8C0A1 /* Resources */ = {
			isa = PBXResourcesBuildPhase;
			buildActionMask = 2147483647;
			files = (
			);
			runOnlyForDeploymentPostprocessing = 0;
		};
		09C840762870A37A00D8C0A1 /* Resources */ = {
			isa = PBXResourcesBuildPhase;
			buildActionMask = 2147483647;
			files = (
			);
			runOnlyForDeploymentPostprocessing = 0;
		};
/* End PBXResourcesBuildPhase section */

/* Begin PBXSourcesBuildPhase section */
		09C8406A2870A37A00D8C0A1 /* Sources */ = {
			isa = PBXSourcesBuildPhase;
			buildActionMask = 2147483647;
			files = (
				098DA291293B9FE9003D2274 /* UIWindow+PreventScreenShot.m in Sources */,
				0970B26D29AA54DA00C8DC57 /* MySpeechView.m in Sources */,
				090A72EE290CD725009AB42C /* MyVisionRectangleView.m in Sources */,
				090A72D4290CBF3D009AB42C /* UIView+Utils.m in Sources */,
				098DA28B293B9DD3003D2274 /* MyVisionPersonSegmentation.m in Sources */,
				0970B26E29AA54DA00C8DC57 /* MySpeech.m in Sources */,
				099ADAAD2883067700E61155 /* MyFile.m in Sources */,
				09C840732870A37A00D8C0A1 /* MyTools.docc in Sources */,
				0943C3BC29169C4900A7B936 /* MyDeepLabV3.m in Sources */,
				0959619228713DBA00F2DE6D /* MyDebug.m in Sources */,
				098DA299293BA8FC003D2274 /* MyVisionPersonSegmentationView.m in Sources */,
				09F552192906C32700F4F54D /* MyVisionBarcodeView.m in Sources */,
				090A72EA290CD591009AB42C /* MyVisionRectangle.m in Sources */,
				09669CAC2904D443002A505A /* MyVisionFace.m in Sources */,
				09AADBDB296ABC1C00E95FC2 /* MyLogV2.m in Sources */,
				090A72D3290CBF3D009AB42C /* MyDrawUtils.m in Sources */,
				0943C3C229169E9700A7B936 /* MyDeepLabV3View.m in Sources */,
				09F552152906C01A00F4F54D /* MyVisionBarcode.m in Sources */,
				09A192D52895779500C82A75 /* MyServiceTool.m in Sources */,
				09669CB02904E1AB002A505A /* MyVisionFaceView.m in Sources */,
				09FF46332969D7CB0042EDB9 /* MyLog.m in Sources */,
				0967293B2902EC580030E08E /* MyCamera.m in Sources */,
				09F5522C2906CABC00F4F54D /* MyVisionUtils.m in Sources */,
				093448E6290393DB000664F5 /* MyCameraView.m in Sources */,
				0943C3BE29169D4700A7B936 /* DeepLabV3.mlkitmodel in Sources */,
				090A72D7290CBF3D009AB42C /* NSString+Utils.m in Sources */,
				09E0109029CC929E008585CD /* MyAuthenticator.m in Sources */,
			);
			runOnlyForDeploymentPostprocessing = 0;
		};
		09C840742870A37A00D8C0A1 /* Sources */ = {
			isa = PBXSourcesBuildPhase;
			buildActionMask = 2147483647;
			files = (
			);
			runOnlyForDeploymentPostprocessing = 0;
		};
/* End PBXSourcesBuildPhase section */

/* Begin PBXTargetDependency section */
		09C8407B2870A37A00D8C0A1 /* PBXTargetDependency */ = {
			isa = PBXTargetDependency;
			target = 09C8406D2870A37A00D8C0A1 /* MyTools */;
			targetProxy = 09C8407A2870A37A00D8C0A1 /* PBXContainerItemProxy */;
		};
/* End PBXTargetDependency section */

/* Begin XCBuildConfiguration section */
		09C840802870A37A00D8C0A1 /* Debug */ = {
			isa = XCBuildConfiguration;
			buildSettings = {
				ALWAYS_SEARCH_USER_PATHS = NO;
				CLANG_ANALYZER_NONNULL = YES;
				CLANG_ANALYZER_NUMBER_OBJECT_CONVERSION = YES_AGGRESSIVE;
				CLANG_CXX_LANGUAGE_STANDARD = "gnu++17";
				CLANG_ENABLE_MODULES = YES;
				CLANG_ENABLE_OBJC_ARC = YES;
				CLANG_ENABLE_OBJC_WEAK = YES;
				CLANG_WARN_BLOCK_CAPTURE_AUTORELEASING = YES;
				CLANG_WARN_BOOL_CONVERSION = YES;
				CLANG_WARN_COMMA = YES;
				CLANG_WARN_CONSTANT_CONVERSION = YES;
				CLANG_WARN_DEPRECATED_OBJC_IMPLEMENTATIONS = YES;
				CLANG_WARN_DIRECT_OBJC_ISA_USAGE = YES_ERROR;
				CLANG_WARN_DOCUMENTATION_COMMENTS = YES;
				CLANG_WARN_EMPTY_BODY = YES;
				CLANG_WARN_ENUM_CONVERSION = YES;
				CLANG_WARN_INFINITE_RECURSION = YES;
				CLANG_WARN_INT_CONVERSION = YES;
				CLANG_WARN_NON_LITERAL_NULL_CONVERSION = YES;
				CLANG_WARN_OBJC_IMPLICIT_RETAIN_SELF = YES;
				CLANG_WARN_OBJC_LITERAL_CONVERSION = YES;
				CLANG_WARN_OBJC_ROOT_CLASS = YES_ERROR;
				CLANG_WARN_QUOTED_INCLUDE_IN_FRAMEWORK_HEADER = YES;
				CLANG_WARN_RANGE_LOOP_ANALYSIS = YES;
				CLANG_WARN_STRICT_PROTOTYPES = YES;
				CLANG_WARN_SUSPICIOUS_MOVE = YES;
				CLANG_WARN_UNGUARDED_AVAILABILITY = YES_AGGRESSIVE;
				CLANG_WARN_UNREACHABLE_CODE = YES;
				CLANG_WARN__DUPLICATE_METHOD_MATCH = YES;
				COPY_PHASE_STRIP = NO;
				CURRENT_PROJECT_VERSION = 1;
				DEBUG_INFORMATION_FORMAT = dwarf;
				ENABLE_STRICT_OBJC_MSGSEND = YES;
				ENABLE_TESTABILITY = YES;
				GCC_C_LANGUAGE_STANDARD = gnu11;
				GCC_DYNAMIC_NO_PIC = NO;
				GCC_NO_COMMON_BLOCKS = YES;
				GCC_OPTIMIZATION_LEVEL = 0;
				GCC_PREPROCESSOR_DEFINITIONS = (
					"DEBUG=1",
					"$(inherited)",
				);
				GCC_WARN_64_TO_32_BIT_CONVERSION = YES;
				GCC_WARN_ABOUT_RETURN_TYPE = YES_ERROR;
				GCC_WARN_UNDECLARED_SELECTOR = YES;
				GCC_WARN_UNINITIALIZED_AUTOS = YES_AGGRESSIVE;
				GCC_WARN_UNUSED_FUNCTION = YES;
				GCC_WARN_UNUSED_VARIABLE = YES;
				IPHONEOS_DEPLOYMENT_TARGET = 15.5;
				MTL_ENABLE_DEBUG_INFO = INCLUDE_SOURCE;
				MTL_FAST_MATH = YES;
				ONLY_ACTIVE_ARCH = YES;
				SDKROOT = iphoneos;
				VERSIONING_SYSTEM = "apple-generic";
				VERSION_INFO_PREFIX = "";
			};
			name = Debug;
		};
		09C840812870A37A00D8C0A1 /* Release */ = {
			isa = XCBuildConfiguration;
			buildSettings = {
				ALWAYS_SEARCH_USER_PATHS = NO;
				CLANG_ANALYZER_NONNULL = YES;
				CLANG_ANALYZER_NUMBER_OBJECT_CONVERSION = YES_AGGRESSIVE;
				CLANG_CXX_LANGUAGE_STANDARD = "gnu++17";
				CLANG_ENABLE_MODULES = YES;
				CLANG_ENABLE_OBJC_ARC = YES;
				CLANG_ENABLE_OBJC_WEAK = YES;
				CLANG_WARN_BLOCK_CAPTURE_AUTORELEASING = YES;
				CLANG_WARN_BOOL_CONVERSION = YES;
				CLANG_WARN_COMMA = YES;
				CLANG_WARN_CONSTANT_CONVERSION = YES;
				CLANG_WARN_DEPRECATED_OBJC_IMPLEMENTATIONS = YES;
				CLANG_WARN_DIRECT_OBJC_ISA_USAGE = YES_ERROR;
				CLANG_WARN_DOCUMENTATION_COMMENTS = YES;
				CLANG_WARN_EMPTY_BODY = YES;
				CLANG_WARN_ENUM_CONVERSION = YES;
				CLANG_WARN_INFINITE_RECURSION = YES;
				CLANG_WARN_INT_CONVERSION = YES;
				CLANG_WARN_NON_LITERAL_NULL_CONVERSION = YES;
				CLANG_WARN_OBJC_IMPLICIT_RETAIN_SELF = YES;
				CLANG_WARN_OBJC_LITERAL_CONVERSION = YES;
				CLANG_WARN_OBJC_ROOT_CLASS = YES_ERROR;
				CLANG_WARN_QUOTED_INCLUDE_IN_FRAMEWORK_HEADER = YES;
				CLANG_WARN_RANGE_LOOP_ANALYSIS = YES;
				CLANG_WARN_STRICT_PROTOTYPES = YES;
				CLANG_WARN_SUSPICIOUS_MOVE = YES;
				CLANG_WARN_UNGUARDED_AVAILABILITY = YES_AGGRESSIVE;
				CLANG_WARN_UNREACHABLE_CODE = YES;
				CLANG_WARN__DUPLICATE_METHOD_MATCH = YES;
				COPY_PHASE_STRIP = NO;
				CURRENT_PROJECT_VERSION = 1;
				DEBUG_INFORMATION_FORMAT = "dwarf-with-dsym";
				ENABLE_NS_ASSERTIONS = NO;
				ENABLE_STRICT_OBJC_MSGSEND = YES;
				GCC_C_LANGUAGE_STANDARD = gnu11;
				GCC_NO_COMMON_BLOCKS = YES;
				GCC_WARN_64_TO_32_BIT_CONVERSION = YES;
				GCC_WARN_ABOUT_RETURN_TYPE = YES_ERROR;
				GCC_WARN_UNDECLARED_SELECTOR = YES;
				GCC_WARN_UNINITIALIZED_AUTOS = YES_AGGRESSIVE;
				GCC_WARN_UNUSED_FUNCTION = YES;
				GCC_WARN_UNUSED_VARIABLE = YES;
				IPHONEOS_DEPLOYMENT_TARGET = 15.5;
				MTL_ENABLE_DEBUG_INFO = NO;
				MTL_FAST_MATH = YES;
				SDKROOT = iphoneos;
				VALIDATE_PRODUCT = YES;
				VERSIONING_SYSTEM = "apple-generic";
				VERSION_INFO_PREFIX = "";
			};
			name = Release;
		};
		09C840832870A37A00D8C0A1 /* Debug */ = {
			isa = XCBuildConfiguration;
			buildSettings = {
				CODE_SIGN_STYLE = Automatic;
				CURRENT_PROJECT_VERSION = 1;
				DEFINES_MODULE = YES;
				DEVELOPMENT_TEAM = 5PWWXC6BKU;
				DYLIB_COMPATIBILITY_VERSION = 1;
				DYLIB_CURRENT_VERSION = 1;
				DYLIB_INSTALL_NAME_BASE = "@rpath";
				GENERATE_INFOPLIST_FILE = YES;
				INFOPLIST_KEY_NSHumanReadableCopyright = "";
				INSTALL_PATH = "$(LOCAL_LIBRARY_DIR)/Frameworks";
				IPHONEOS_DEPLOYMENT_TARGET = 14.0;
				LD_RUNPATH_SEARCH_PATHS = (
					"$(inherited)",
					"@executable_path/Frameworks",
					"@loader_path/Frameworks",
				);
				MARKETING_VERSION = 1.0;
				PRODUCT_BUNDLE_IDENTIFIER = ShenTeam.MyTools;
				PRODUCT_NAME = "$(TARGET_NAME:c99extidentifier)";
				SKIP_INSTALL = YES;
				SUPPORTS_MACCATALYST = NO;
				SWIFT_EMIT_LOC_STRINGS = YES;
				TARGETED_DEVICE_FAMILY = "1,2";
			};
			name = Debug;
		};
		09C840842870A37A00D8C0A1 /* Release */ = {
			isa = XCBuildConfiguration;
			buildSettings = {
				CODE_SIGN_STYLE = Automatic;
				CURRENT_PROJECT_VERSION = 1;
				DEFINES_MODULE = YES;
				DEVELOPMENT_TEAM = 5PWWXC6BKU;
				DYLIB_COMPATIBILITY_VERSION = 1;
				DYLIB_CURRENT_VERSION = 1;
				DYLIB_INSTALL_NAME_BASE = "@rpath";
				GENERATE_INFOPLIST_FILE = YES;
				INFOPLIST_KEY_NSHumanReadableCopyright = "";
				INSTALL_PATH = "$(LOCAL_LIBRARY_DIR)/Frameworks";
				IPHONEOS_DEPLOYMENT_TARGET = 14.0;
				LD_RUNPATH_SEARCH_PATHS = (
					"$(inherited)",
					"@executable_path/Frameworks",
					"@loader_path/Frameworks",
				);
				MARKETING_VERSION = 1.0;
				PRODUCT_BUNDLE_IDENTIFIER = ShenTeam.MyTools;
				PRODUCT_NAME = "$(TARGET_NAME:c99extidentifier)";
				SKIP_INSTALL = YES;
				SUPPORTS_MACCATALYST = NO;
				SWIFT_EMIT_LOC_STRINGS = YES;
				TARGETED_DEVICE_FAMILY = "1,2";
			};
			name = Release;
		};
		09C840862870A37A00D8C0A1 /* Debug */ = {
			isa = XCBuildConfiguration;
			buildSettings = {
				CODE_SIGN_STYLE = Automatic;
				CURRENT_PROJECT_VERSION = 1;
				DEVELOPMENT_TEAM = 5PWWXC6BKU;
				GENERATE_INFOPLIST_FILE = YES;
				MARKETING_VERSION = 1.0;
				PRODUCT_BUNDLE_IDENTIFIER = ShenTeam.MyToolsTests;
				PRODUCT_NAME = "$(TARGET_NAME)";
				SWIFT_EMIT_LOC_STRINGS = NO;
				TARGETED_DEVICE_FAMILY = "1,2";
			};
			name = Debug;
		};
		09C840872870A37A00D8C0A1 /* Release */ = {
			isa = XCBuildConfiguration;
			buildSettings = {
				CODE_SIGN_STYLE = Automatic;
				CURRENT_PROJECT_VERSION = 1;
				DEVELOPMENT_TEAM = 5PWWXC6BKU;
				GENERATE_INFOPLIST_FILE = YES;
				MARKETING_VERSION = 1.0;
				PRODUCT_BUNDLE_IDENTIFIER = ShenTeam.MyToolsTests;
				PRODUCT_NAME = "$(TARGET_NAME)";
				SWIFT_EMIT_LOC_STRINGS = NO;
				TARGETED_DEVICE_FAMILY = "1,2";
			};
			name = Release;
		};
/* End XCBuildConfiguration section */

/* Begin XCConfigurationList section */
		09C840682870A37A00D8C0A1 /* Build configuration list for PBXProject "MyTools" */ = {
			isa = XCConfigurationList;
			buildConfigurations = (
				09C840802870A37A00D8C0A1 /* Debug */,
				09C840812870A37A00D8C0A1 /* Release */,
			);
			defaultConfigurationIsVisible = 0;
			defaultConfigurationName = Release;
		};
		09C840822870A37A00D8C0A1 /* Build configuration list for PBXNativeTarget "MyTools" */ = {
			isa = XCConfigurationList;
			buildConfigurations = (
				09C840832870A37A00D8C0A1 /* Debug */,
				09C840842870A37A00D8C0A1 /* Release */,
			);
			defaultConfigurationIsVisible = 0;
			defaultConfigurationName = Release;
		};
		09C840852870A37A00D8C0A1 /* Build configuration list for PBXNativeTarget "MyToolsTests" */ = {
			isa = XCConfigurationList;
			buildConfigurations = (
				09C840862870A37A00D8C0A1 /* Debug */,
				09C840872870A37A00D8C0A1 /* Release */,
			);
			defaultConfigurationIsVisible = 0;
			defaultConfigurationName = Release;
		};
/* End XCConfigurationList section */
	};
	rootObject = 09C840652870A37A00D8C0A1 /* Project object */;
}
